
Microsoft Visual Studio Solution File, Format Version 12.00
# Visual Studio Version 17
VisualStudioVersion = 17.1.32210.238
MinimumVisualStudioVersion = 10.0.40219.1
Project("{FAE04EC0-301F-11D3-BF4B-00C04F79EFBC}") = "Song Sorter", "Song Sorter\Song Sorter.csproj", "{2E5157D8-F1E1-4A44-98EE-AAE0FBB4330D}"
EndProject
Global
	GlobalSection(SolutionConfigurationPlatforms) = preSolution
		Debug|Any CPU = Debug|Any CPU
		Release|Any CPU = Release|Any CPU
	EndGlobalSection
	GlobalSection(ProjectConfigurationPlatforms) = postSolution
		{2E5157D8-F1E1-4A44-98EE-AAE0FBB4330D}.Debug|Any CPU.ActiveCfg = Debug|Any CPU
		{2E5157D8-F1E1-4A44-98EE-AAE0FBB4330D}.Debug|Any CPU.Build.0 = Debug|Any CPU
		{2E5157D8-F1E1-4A44-98EE-AAE0FBB4330D}.Release|Any CPU.ActiveCfg = Release|Any CPU
		{2E5157D8-F1E1-4A44-98EE-AAE0FBB4330D}.Release|Any CPU.Build.0 = Release|Any CPU
	EndGlobalSection
	GlobalSection(SolutionProperties) = preSolution
		HideSolutionNode = FALSE
	EndGlobalSection
	GlobalSection(ExtensibilityGlobals) = postSolution
		SolutionGuid = {3F9E6D39-D3E9-4804-BACA-9C7AEFF44336}
	EndGlobalSection
EndGlobal
